<Solution>
  <Folder Name="/1 - Service/">
    <Project Path="CB.BackDefault.api/CB.BackDefault.Api.csproj" />
  </Folder>
  <Folder Name="/2 - Application/">
    <Project Path="CB.BackDefault.Application/CB.BackDefault.Application.csproj" />
  </Folder>
  <Folder Name="/3 - Domain/">
    <Project Path="CB.BackDefault.Domain/CB.BackDefault.Domain.csproj" />
  </Folder>
  <Folder Name="/3 - Identity/">
    <Project Path="CB.BackDefault.Identity/CB.BackDefault.Identity.csproj" Id="71ba8e95-b8f7-4da0-ad29-c56dcebbd868" />
  </Folder>
  <Folder Name="/4 - Infra/">
    <Project Path="CB.BackDefault.Infra.Data/CB.BackDefault.Infra.Data.csproj" />
  </Folder>
  <Folder Name="/5 - Testes/">
    <Project Path="CB.BackDefault.IntegrationTests/CB.BackDefault.IntegrationTests.csproj" Id="763fcfde-c3c4-4320-84d9-0c02cb75e5c2" />
    <Project Path="CB.BackDefault.Test.Validations/CB.BackDefault.UnitTests.csproj" />
  </Folder>
  <Folder Name="/Solution Items/" />
</Solution>
